
Microsoft Visual Studio Solution File, Format Version 11.00
# Visual Studio 2010
Project("{FAE04EC0-301F-11D3-BF4B-00C04F79EFBC}") = "IDEService", "IDEService\IDEService.csproj", "{76A057E7-BEC6-4BCE-9A3F-4F115349B877}"
EndProject
Project("{2150E333-8FDC-42A3-9474-1A3956D46DE8}") = "Solution Items", "Solution Items", "{5A014C96-9ECF-449F-9E93-4ED516078021}"
	ProjectSection(SolutionItems) = preProject
		IDEService.vsmdi = IDEService.vsmdi
		Local.testsettings = Local.testsettings
		Performance2.psess = Performance2.psess
		TraceAndTestImpact.testsettings = TraceAndTestImpact.testsettings
	EndProjectSection
EndProject
Project("{FAE04EC0-301F-11D3-BF4B-00C04F79EFBC}") = "IDEServiceTests", "IDEServiceTests\IDEServiceTests.csproj", "{84640A0D-B64E-4044-8898-30964797DC4A}"
EndProject
Project("{FAE04EC0-301F-11D3-BF4B-00C04F79EFBC}") = "ClientServiceTypesNet", "..\ClientServiceTypesNet\ClientServiceTypesNet\ClientServiceTypesNet.csproj", "{CF3AB06B-F8FC-406A-8DDC-D4504B663A14}"
EndProject
Global
	GlobalSection(TestCaseManagementSettings) = postSolution
		CategoryFile = IDEService.vsmdi
	EndGlobalSection
	GlobalSection(SolutionConfigurationPlatforms) = preSolution
		Debug|Any CPU = Debug|Any CPU
		Debug|Mixed Platforms = Debug|Mixed Platforms
		Debug|x86 = Debug|x86
		Release|Any CPU = Release|Any CPU
		Release|Mixed Platforms = Release|Mixed Platforms
		Release|x86 = Release|x86
	EndGlobalSection
	GlobalSection(ProjectConfigurationPlatforms) = postSolution
		{76A057E7-BEC6-4BCE-9A3F-4F115349B877}.Debug|Any CPU.ActiveCfg = Debug|x86
		{76A057E7-BEC6-4BCE-9A3F-4F115349B877}.Debug|Mixed Platforms.ActiveCfg = Debug|x86
		{76A057E7-BEC6-4BCE-9A3F-4F115349B877}.Debug|Mixed Platforms.Build.0 = Debug|x86
		{76A057E7-BEC6-4BCE-9A3F-4F115349B877}.Debug|x86.ActiveCfg = Debug|x86
		{76A057E7-BEC6-4BCE-9A3F-4F115349B877}.Debug|x86.Build.0 = Debug|x86
		{76A057E7-BEC6-4BCE-9A3F-4F115349B877}.Release|Any CPU.ActiveCfg = Release|x86
		{76A057E7-BEC6-4BCE-9A3F-4F115349B877}.Release|Mixed Platforms.ActiveCfg = Release|x86
		{76A057E7-BEC6-4BCE-9A3F-4F115349B877}.Release|Mixed Platforms.Build.0 = Release|x86
		{76A057E7-BEC6-4BCE-9A3F-4F115349B877}.Release|x86.ActiveCfg = Release|x86
		{76A057E7-BEC6-4BCE-9A3F-4F115349B877}.Release|x86.Build.0 = Release|x86
		{84640A0D-B64E-4044-8898-30964797DC4A}.Debug|Any CPU.ActiveCfg = Debug|Any CPU
		{84640A0D-B64E-4044-8898-30964797DC4A}.Debug|Any CPU.Build.0 = Debug|Any CPU
		{84640A0D-B64E-4044-8898-30964797DC4A}.Debug|Mixed Platforms.ActiveCfg = Debug|Any CPU
		{84640A0D-B64E-4044-8898-30964797DC4A}.Debug|Mixed Platforms.Build.0 = Debug|Any CPU
		{84640A0D-B64E-4044-8898-30964797DC4A}.Debug|x86.ActiveCfg = Debug|Any CPU
		{84640A0D-B64E-4044-8898-30964797DC4A}.Release|Any CPU.ActiveCfg = Release|Any CPU
		{84640A0D-B64E-4044-8898-30964797DC4A}.Release|Any CPU.Build.0 = Release|Any CPU
		{84640A0D-B64E-4044-8898-30964797DC4A}.Release|Mixed Platforms.ActiveCfg = Release|Any CPU
		{84640A0D-B64E-4044-8898-30964797DC4A}.Release|Mixed Platforms.Build.0 = Release|Any CPU
		{84640A0D-B64E-4044-8898-30964797DC4A}.Release|x86.ActiveCfg = Release|Any CPU
		{CF3AB06B-F8FC-406A-8DDC-D4504B663A14}.Debug|Any CPU.ActiveCfg = Debug|Any CPU
		{CF3AB06B-F8FC-406A-8DDC-D4504B663A14}.Debug|Any CPU.Build.0 = Debug|Any CPU
		{CF3AB06B-F8FC-406A-8DDC-D4504B663A14}.Debug|Mixed Platforms.ActiveCfg = Debug|Any CPU
		{CF3AB06B-F8FC-406A-8DDC-D4504B663A14}.Debug|Mixed Platforms.Build.0 = Debug|Any CPU
		{CF3AB06B-F8FC-406A-8DDC-D4504B663A14}.Debug|x86.ActiveCfg = Debug|Any CPU
		{CF3AB06B-F8FC-406A-8DDC-D4504B663A14}.Release|Any CPU.ActiveCfg = Release|Any CPU
		{CF3AB06B-F8FC-406A-8DDC-D4504B663A14}.Release|Any CPU.Build.0 = Release|Any CPU
		{CF3AB06B-F8FC-406A-8DDC-D4504B663A14}.Release|Mixed Platforms.ActiveCfg = Release|Any CPU
		{CF3AB06B-F8FC-406A-8DDC-D4504B663A14}.Release|Mixed Platforms.Build.0 = Release|Any CPU
		{CF3AB06B-F8FC-406A-8DDC-D4504B663A14}.Release|x86.ActiveCfg = Release|Any CPU
	EndGlobalSection
	GlobalSection(SolutionProperties) = preSolution
		HideSolutionNode = FALSE
	EndGlobalSection
EndGlobal
