
Microsoft Visual Studio Solution File, Format Version 11.00
# Visual Studio 2010
Project("{FAE04EC0-301F-11D3-BF4B-00C04F79EFBC}") = "IDEClient", "IDEClient.csproj", "{7628BB95-EFCB-4C60-8BE1-6C956DBA511C}"
	ProjectSection(ProjectDependencies) = postProject
		{E877D86D-9EC8-4EE9-AF33-A11308446E97} = {E877D86D-9EC8-4EE9-AF33-A11308446E97}
	EndProjectSection
EndProject
Project("{FAE04EC0-301F-11D3-BF4B-00C04F79EFBC}") = "IDEClient.Web", "..\IDEClient.Web\IDEClient.Web.csproj", "{E877D86D-9EC8-4EE9-AF33-A11308446E97}"
EndProject
Global
	GlobalSection(SolutionConfigurationPlatforms) = preSolution
		Debug|Any CPU = Debug|Any CPU
		Release|Any CPU = Release|Any CPU
	EndGlobalSection
	GlobalSection(ProjectConfigurationPlatforms) = postSolution
		{7628BB95-EFCB-4C60-8BE1-6C956DBA511C}.Debug|Any CPU.ActiveCfg = Debug|Any CPU
		{7628BB95-EFCB-4C60-8BE1-6C956DBA511C}.Debug|Any CPU.Build.0 = Debug|Any CPU
		{7628BB95-EFCB-4C60-8BE1-6C956DBA511C}.Release|Any CPU.ActiveCfg = Release|Any CPU
		{7628BB95-EFCB-4C60-8BE1-6C956DBA511C}.Release|Any CPU.Build.0 = Release|Any CPU
		{E877D86D-9EC8-4EE9-AF33-A11308446E97}.Debug|Any CPU.ActiveCfg = Debug|Any CPU
		{E877D86D-9EC8-4EE9-AF33-A11308446E97}.Debug|Any CPU.Build.0 = Debug|Any CPU
		{E877D86D-9EC8-4EE9-AF33-A11308446E97}.Release|Any CPU.ActiveCfg = Release|Any CPU
		{E877D86D-9EC8-4EE9-AF33-A11308446E97}.Release|Any CPU.Build.0 = Release|Any CPU
	EndGlobalSection
	GlobalSection(SolutionProperties) = preSolution
		HideSolutionNode = FALSE
	EndGlobalSection
EndGlobal
