
Microsoft Visual Studio Solution File, Format Version 11.00
# Visual Studio 2010
Project("{FAE04EC0-301F-11D3-BF4B-00C04F79EFBC}") = "ClientServiceTypes", "ClientServiceTypes.csproj", "{99132EBB-A738-4142-B00B-7BA850BA7CBE}"
EndProject
Project("{FAE04EC0-301F-11D3-BF4B-00C04F79EFBC}") = "ClientServiceTypesNet", "..\ClientServiceTypesNet\ClientServiceTypesNet\ClientServiceTypesNet.csproj", "{CF3AB06B-F8FC-406A-8DDC-D4504B663A14}"
EndProject
Global
	GlobalSection(SolutionConfigurationPlatforms) = preSolution
		Debug|Any CPU = Debug|Any CPU
		Release|Any CPU = Release|Any CPU
	EndGlobalSection
	GlobalSection(ProjectConfigurationPlatforms) = postSolution
		{99132EBB-A738-4142-B00B-7BA850BA7CBE}.Debug|Any CPU.ActiveCfg = Debug|Any CPU
		{99132EBB-A738-4142-B00B-7BA850BA7CBE}.Debug|Any CPU.Build.0 = Debug|Any CPU
		{99132EBB-A738-4142-B00B-7BA850BA7CBE}.Release|Any CPU.ActiveCfg = Release|Any CPU
		{99132EBB-A738-4142-B00B-7BA850BA7CBE}.Release|Any CPU.Build.0 = Release|Any CPU
		{CF3AB06B-F8FC-406A-8DDC-D4504B663A14}.Debug|Any CPU.ActiveCfg = Debug|Any CPU
		{CF3AB06B-F8FC-406A-8DDC-D4504B663A14}.Debug|Any CPU.Build.0 = Debug|Any CPU
		{CF3AB06B-F8FC-406A-8DDC-D4504B663A14}.Release|Any CPU.ActiveCfg = Release|Any CPU
		{CF3AB06B-F8FC-406A-8DDC-D4504B663A14}.Release|Any CPU.Build.0 = Release|Any CPU
	EndGlobalSection
	GlobalSection(SolutionProperties) = preSolution
		HideSolutionNode = FALSE
	EndGlobalSection
EndGlobal
