
Microsoft Visual Studio Solution File, Format Version 11.00
# Visual Studio 2010
Project("{FAE04EC0-301F-11D3-BF4B-00C04F79EFBC}") = "IDEService", "IDEService.csproj", "{76A057E7-BEC6-4BCE-9A3F-4F115349B877}"
EndProject
Global
	GlobalSection(SolutionConfigurationPlatforms) = preSolution
		Debug|x86 = Debug|x86
		Release|x86 = Release|x86
	EndGlobalSection
	GlobalSection(ProjectConfigurationPlatforms) = postSolution
		{76A057E7-BEC6-4BCE-9A3F-4F115349B877}.Debug|x86.ActiveCfg = Debug|x86
		{76A057E7-BEC6-4BCE-9A3F-4F115349B877}.Debug|x86.Build.0 = Debug|x86
		{76A057E7-BEC6-4BCE-9A3F-4F115349B877}.Release|x86.ActiveCfg = Release|x86
		{76A057E7-BEC6-4BCE-9A3F-4F115349B877}.Release|x86.Build.0 = Release|x86
	EndGlobalSection
	GlobalSection(MonoDevelopProperties) = preSolution
		StartupItem = IDEService.csproj
	EndGlobalSection
EndGlobal
